
Microsoft Visual Studio Solution File, Format Version 12.00
# Visual Studio Version 17
VisualStudioVersion = 17.4.33213.308
MinimumVisualStudioVersion = 10.0.40219.1
Project("{FAE04EC0-301F-11D3-BF4B-00C04F79EFBC}") = "ConsoleApp1", "ConsoleApp1\ConsoleApp1.csproj", "{1CDA2FA6-3A70-4E66-8756-108D4E3BFD5C}"
EndProject
Global
	GlobalSection(SolutionConfigurationPlatforms) = preSolution
		Debug|Any CPU = Debug|Any CPU
		Release|Any CPU = Release|Any CPU
	EndGlobalSection
	GlobalSection(ProjectConfigurationPlatforms) = postSolution
		{1CDA2FA6-3A70-4E66-8756-108D4E3BFD5C}.Debug|Any CPU.ActiveCfg = Debug|Any CPU
		{1CDA2FA6-3A70-4E66-8756-108D4E3BFD5C}.Debug|Any CPU.Build.0 = Debug|Any CPU
		{1CDA2FA6-3A70-4E66-8756-108D4E3BFD5C}.Release|Any CPU.ActiveCfg = Release|Any CPU
		{1CDA2FA6-3A70-4E66-8756-108D4E3BFD5C}.Release|Any CPU.Build.0 = Release|Any CPU
	EndGlobalSection
	GlobalSection(SolutionProperties) = preSolution
		HideSolutionNode = FALSE
	EndGlobalSection
	GlobalSection(ExtensibilityGlobals) = postSolution
		SolutionGuid = {1B40A942-36EE-4BC6-A008-BB71A77D6D6D}
	EndGlobalSection
EndGlobal
